// !$*UTF8*$!
{
	archiveVersion = 1;
	classes = {
	};
	objectVersion = 48;
	objects = {

/* Begin PBXBuildFile section */
		1154B03C44B1D2EADAEBF2AE /* Pods_SN.framework in Frameworks */ = {isa = PBXBuildFile; fileRef = 3B1D5091A7F82A9BA9B19853 /* Pods_SN.framework */; };
		1E942EE62025604E0048DF5B /* AppDelegate.swift in Sources */ = {isa = PBXBuildFile; fileRef = 1E942EE52025604E0048DF5B /* AppDelegate.swift */; };
		1E942EE82025604E0048DF5B /* SignInVc.swift in Sources */ = {isa = PBXBuildFile; fileRef = 1E942EE72025604E0048DF5B /* SignInVc.swift */; };
		1E942EEB2025604E0048DF5B /* Main.storyboard in Resources */ = {isa = PBXBuildFile; fileRef = 1E942EE92025604E0048DF5B /* Main.storyboard */; };
		1E942EED2025604E0048DF5B /* Assets.xcassets in Resources */ = {isa = PBXBuildFile; fileRef = 1E942EEC2025604E0048DF5B /* Assets.xcassets */; };
		1E942EF02025604E0048DF5B /* LaunchScreen.storyboard in Resources */ = {isa = PBXBuildFile; fileRef = 1E942EEE2025604E0048DF5B /* LaunchScreen.storyboard */; };
		1E942EF8202561340048DF5B /* GoogleService-Info.plist in Resources */ = {isa = PBXBuildFile; fileRef = 1E942EF7202561330048DF5B /* GoogleService-Info.plist */; };
/* End PBXBuildFile section */

/* Begin PBXFileReference section */
		1E942EE22025604E0048DF5B /* SN.app */ = {isa = PBXFileReference; explicitFileType = wrapper.application; includeInIndex = 0; path = SN.app; sourceTree = BUILT_PRODUCTS_DIR; };
		1E942EE52025604E0048DF5B /* AppDelegate.swift */ = {isa = PBXFileReference; lastKnownFileType = sourcecode.swift; path = AppDelegate.swift; sourceTree = "<group>"; };
		1E942EE72025604E0048DF5B /* SignInVc.swift */ = {isa = PBXFileReference; lastKnownFileType = sourcecode.swift; path = SignInVc.swift; sourceTree = "<group>"; };
		1E942EEA2025604E0048DF5B /* Base */ = {isa = PBXFileReference; lastKnownFileType = file.storyboard; name = Base; path = Base.lproj/Main.storyboard; sourceTree = "<group>"; };
		1E942EEC2025604E0048DF5B /* Assets.xcassets */ = {isa = PBXFileReference; lastKnownFileType = folder.assetcatalog; path = Assets.xcassets; sourceTree = "<group>"; };
		1E942EEF2025604E0048DF5B /* Base */ = {isa = PBXFileReference; lastKnownFileType = file.storyboard; name = Base; path = Base.lproj/LaunchScreen.storyboard; sourceTree = "<group>"; };
		1E942EF12025604E0048DF5B /* Info.plist */ = {isa = PBXFileReference; lastKnownFileType = text.plist.xml; path = Info.plist; sourceTree = "<group>"; };
		1E942EF7202561330048DF5B /* GoogleService-Info.plist */ = {isa = PBXFileReference; fileEncoding = 4; lastKnownFileType = text.plist.xml; path = "GoogleService-Info.plist"; sourceTree = "<group>"; };
		279E87A9F4A0B9B96F94A5BF /* Pods-SN.release.xcconfig */ = {isa = PBXFileReference; includeInIndex = 1; lastKnownFileType = text.xcconfig; name = "Pods-SN.release.xcconfig"; path = "Pods/Target Support Files/Pods-SN/Pods-SN.release.xcconfig"; sourceTree = "<group>"; };
		3B1D5091A7F82A9BA9B19853 /* Pods_SN.framework */ = {isa = PBXFileReference; explicitFileType = wrapper.framework; includeInIndex = 0; path = Pods_SN.framework; sourceTree = BUILT_PRODUCTS_DIR; };
		CC7C58C962BB4DE26FAB5543 /* Pods-SN.debug.xcconfig */ = {isa = PBXFileReference; includeInIndex = 1; lastKnownFileType = text.xcconfig; name = "Pods-SN.debug.xcconfig"; path = "Pods/Target Support Files/Pods-SN/Pods-SN.debug.xcconfig"; sourceTree = "<group>"; };
/* End PBXFileReference section */

/* Begin PBXFrameworksBuildPhase section */
		1E942EDF2025604E0048DF5B /* Frameworks */ = {
			isa = PBXFrameworksBuildPhase;
			buildActionMask = 2147483647;
			files = (
				1154B03C44B1D2EADAEBF2AE /* Pods_SN.framework in Frameworks */,
			);
			runOnlyForDeploymentPostprocessing = 0;
		};
/* End PBXFrameworksBuildPhase section */

/* Begin PBXGroup section */
		1E32A17D2025633A0086BECE /* Model */ = {
			isa = PBXGroup;
			children = (
			);
			path = Model;
			sourceTree = "<group>";
		};
		1E32A17E202563450086BECE /* View */ = {
			isa = PBXGroup;
			children = (
			);
			path = View;
			sourceTree = "<group>";
		};
		1E32A17F2025634F0086BECE /* Controler */ = {
			isa = PBXGroup;
			children = (
				1E942EE72025604E0048DF5B /* SignInVc.swift */,
			);
			path = Controler;
			sourceTree = "<group>";
		};
		1E942ED92025604E0048DF5B = {
			isa = PBXGroup;
			children = (
				1E942EE42025604E0048DF5B /* SN */,
				1E942EE32025604E0048DF5B /* Products */,
				1E942EF7202561330048DF5B /* GoogleService-Info.plist */,
				E2FEB587F6036DCDA82254ED /* Pods */,
				464628ECEC28849A950C8FF8 /* Frameworks */,
			);
			sourceTree = "<group>";
		};
		1E942EE32025604E0048DF5B /* Products */ = {
			isa = PBXGroup;
			children = (
				1E942EE22025604E0048DF5B /* SN.app */,
			);
			name = Products;
			sourceTree = "<group>";
		};
		1E942EE42025604E0048DF5B /* SN */ = {
			isa = PBXGroup;
			children = (
				1E32A17D2025633A0086BECE /* Model */,
				1E32A17E202563450086BECE /* View */,
				1E32A17F2025634F0086BECE /* Controler */,
				1E942EE52025604E0048DF5B /* AppDelegate.swift */,
				1E942EE92025604E0048DF5B /* Main.storyboard */,
				1E942EEC2025604E0048DF5B /* Assets.xcassets */,
				1E942EEE2025604E0048DF5B /* LaunchScreen.storyboard */,
				1E942EF12025604E0048DF5B /* Info.plist */,
			);
			path = SN;
			sourceTree = "<group>";
		};
		464628ECEC28849A950C8FF8 /* Frameworks */ = {
			isa = PBXGroup;
			children = (
				3B1D5091A7F82A9BA9B19853 /* Pods_SN.framework */,
			);
			name = Frameworks;
			sourceTree = "<group>";
		};
		E2FEB587F6036DCDA82254ED /* Pods */ = {
			isa = PBXGroup;
			children = (
				CC7C58C962BB4DE26FAB5543 /* Pods-SN.debug.xcconfig */,
				279E87A9F4A0B9B96F94A5BF /* Pods-SN.release.xcconfig */,
			);
			name = Pods;
			sourceTree = "<group>";
		};
/* End PBXGroup section */

/* Begin PBXNativeTarget section */
		1E942EE12025604E0048DF5B /* SN */ = {
			isa = PBXNativeTarget;
			buildConfigurationList = 1E942EF42025604E0048DF5B /* Build configuration list for PBXNativeTarget "SN" */;
			buildPhases = (
				75726E66B7846628EE469C00 /* [CP] Check Pods Manifest.lock */,
				1E942EDE2025604E0048DF5B /* Sources */,
				1E942EDF2025604E0048DF5B /* Frameworks */,
				1E942EE02025604E0048DF5B /* Resources */,
				6892D7D3C027376A0C8323E8 /* [CP] Embed Pods Frameworks */,
				4822B215359B4EA34A3A868D /* [CP] Copy Pods Resources */,
			);
			buildRules = (
			);
			dependencies = (
			);
			name = SN;
			productName = SN;
			productReference = 1E942EE22025604E0048DF5B /* SN.app */;
			productType = "com.apple.product-type.application";
		};
/* End PBXNativeTarget section */

/* Begin PBXProject section */
		1E942EDA2025604E0048DF5B /* Project object */ = {
			isa = PBXProject;
			attributes = {
				LastSwiftUpdateCheck = 0910;
				LastUpgradeCheck = 0910;
				ORGANIZATIONNAME = "mohamed wlhamoly";
				TargetAttributes = {
					1E942EE12025604E0048DF5B = {
						CreatedOnToolsVersion = 9.1;
						ProvisioningStyle = Automatic;
					};
				};
			};
			buildConfigurationList = 1E942EDD2025604E0048DF5B /* Build configuration list for PBXProject "SN" */;
			compatibilityVersion = "Xcode 8.0";
			developmentRegion = en;
			hasScannedForEncodings = 0;
			knownRegions = (
				en,
				Base,
			);
			mainGroup = 1E942ED92025604E0048DF5B;
			productRefGroup = 1E942EE32025604E0048DF5B /* Products */;
			projectDirPath = "";
			projectRoot = "";
			targets = (
				1E942EE12025604E0048DF5B /* SN */,
			);
		};
/* End PBXProject section */

/* Begin PBXResourcesBuildPhase section */
		1E942EE02025604E0048DF5B /* Resources */ = {
			isa = PBXResourcesBuildPhase;
			buildActionMask = 2147483647;
			files = (
				1E942EF8202561340048DF5B /* GoogleService-Info.plist in Resources */,
				1E942EF02025604E0048DF5B /* LaunchScreen.storyboard in Resources */,
				1E942EED2025604E0048DF5B /* Assets.xcassets in Resources */,
				1E942EEB2025604E0048DF5B /* Main.storyboard in Resources */,
			);
			runOnlyForDeploymentPostprocessing = 0;
		};
/* End PBXResourcesBuildPhase section */

/* Begin PBXShellScriptBuildPhase section */
		4822B215359B4EA34A3A868D /* [CP] Copy Pods Resources */ = {
			isa = PBXShellScriptBuildPhase;
			buildActionMask = 2147483647;
			files = (
			);
			inputPaths = (
			);
			name = "[CP] Copy Pods Resources";
			outputPaths = (
			);
			runOnlyForDeploymentPostprocessing = 0;
			shellPath = /bin/sh;
			shellScript = "\"${SRCROOT}/Pods/Target Support Files/Pods-SN/Pods-SN-resources.sh\"\n";
			showEnvVarsInLog = 0;
		};
		6892D7D3C027376A0C8323E8 /* [CP] Embed Pods Frameworks */ = {
			isa = PBXShellScriptBuildPhase;
			buildActionMask = 2147483647;
			files = (
			);
			inputPaths = (
				"${SRCROOT}/Pods/Target Support Files/Pods-SN/Pods-SN-frameworks.sh",
				"${BUILT_PRODUCTS_DIR}/GTMSessionFetcher/GTMSessionFetcher.framework",
				"${BUILT_PRODUCTS_DIR}/GoogleToolboxForMac/GoogleToolboxForMac.framework",
				"${BUILT_PRODUCTS_DIR}/leveldb-library/leveldb.framework",
				"${BUILT_PRODUCTS_DIR}/nanopb/nanopb.framework",
			);
			name = "[CP] Embed Pods Frameworks";
			outputPaths = (
				"${TARGET_BUILD_DIR}/${FRAMEWORKS_FOLDER_PATH}/GTMSessionFetcher.framework",
				"${TARGET_BUILD_DIR}/${FRAMEWORKS_FOLDER_PATH}/GoogleToolboxForMac.framework",
				"${TARGET_BUILD_DIR}/${FRAMEWORKS_FOLDER_PATH}/leveldb.framework",
				"${TARGET_BUILD_DIR}/${FRAMEWORKS_FOLDER_PATH}/nanopb.framework",
			);
			runOnlyForDeploymentPostprocessing = 0;
			shellPath = /bin/sh;
			shellScript = "\"${SRCROOT}/Pods/Target Support Files/Pods-SN/Pods-SN-frameworks.sh\"\n";
			showEnvVarsInLog = 0;
		};
		75726E66B7846628EE469C00 /* [CP] Check Pods Manifest.lock */ = {
			isa = PBXShellScriptBuildPhase;
			buildActionMask = 2147483647;
			files = (
			);
			inputPaths = (
				"${PODS_PODFILE_DIR_PATH}/Podfile.lock",
				"${PODS_ROOT}/Manifest.lock",
			);
			name = "[CP] Check Pods Manifest.lock";
			outputPaths = (
				"$(DERIVED_FILE_DIR)/Pods-SN-checkManifestLockResult.txt",
			);
			runOnlyForDeploymentPostprocessing = 0;
			shellPath = /bin/sh;
			shellScript = "diff \"${PODS_PODFILE_DIR_PATH}/Podfile.lock\" \"${PODS_ROOT}/Manifest.lock\" > /dev/null\nif [ $? != 0 ] ; then\n    # print error to STDERR\n    echo \"error: The sandbox is not in sync with the Podfile.lock. Run 'pod install' or update your CocoaPods installation.\" >&2\n    exit 1\nfi\n# This output is used by Xcode 'outputs' to avoid re-running this script phase.\necho \"SUCCESS\" > \"${SCRIPT_OUTPUT_FILE_0}\"\n";
			showEnvVarsInLog = 0;
		};
/* End PBXShellScriptBuildPhase section */

/* Begin PBXSourcesBuildPhase section */
		1E942EDE2025604E0048DF5B /* Sources */ = {
			isa = PBXSourcesBuildPhase;
			buildActionMask = 2147483647;
			files = (
				1E942EE82025604E0048DF5B /* SignInVc.swift in Sources */,
				1E942EE62025604E0048DF5B /* AppDelegate.swift in Sources */,
			);
			runOnlyForDeploymentPostprocessing = 0;
		};
/* End PBXSourcesBuildPhase section */

/* Begin PBXVariantGroup section */
		1E942EE92025604E0048DF5B /* Main.storyboard */ = {
			isa = PBXVariantGroup;
			children = (
				1E942EEA2025604E0048DF5B /* Base */,
			);
			name = Main.storyboard;
			sourceTree = "<group>";
		};
		1E942EEE2025604E0048DF5B /* LaunchScreen.storyboard */ = {
			isa = PBXVariantGroup;
			children = (
				1E942EEF2025604E0048DF5B /* Base */,
			);
			name = LaunchScreen.storyboard;
			sourceTree = "<group>";
		};
/* End PBXVariantGroup section */

/* Begin XCBuildConfiguration section */
		1E942EF22025604E0048DF5B /* Debug */ = {
			isa = XCBuildConfiguration;
			buildSettings = {
				ALWAYS_SEARCH_USER_PATHS = NO;
				CLANG_ANALYZER_NONNULL = YES;
				CLANG_ANALYZER_NUMBER_OBJECT_CONVERSION = YES_AGGRESSIVE;
				CLANG_CXX_LANGUAGE_STANDARD = "gnu++14";
				CLANG_CXX_LIBRARY = "libc++";
				CLANG_ENABLE_MODULES = YES;
				CLANG_ENABLE_OBJC_ARC = YES;
				CLANG_WARN_BLOCK_CAPTURE_AUTORELEASING = YES;
				CLANG_WARN_BOOL_CONVERSION = YES;
				CLANG_WARN_COMMA = YES;
				CLANG_WARN_CONSTANT_CONVERSION = YES;
				CLANG_WARN_DIRECT_OBJC_ISA_USAGE = YES_ERROR;
				CLANG_WARN_DOCUMENTATION_COMMENTS = YES;
				CLANG_WARN_EMPTY_BODY = YES;
				CLANG_WARN_ENUM_CONVERSION = YES;
				CLANG_WARN_INFINITE_RECURSION = YES;
				CLANG_WARN_INT_CONVERSION = YES;
				CLANG_WARN_NON_LITERAL_NULL_CONVERSION = YES;
				CLANG_WARN_OBJC_LITERAL_CONVERSION = YES;
				CLANG_WARN_OBJC_ROOT_CLASS = YES_ERROR;
				CLANG_WARN_RANGE_LOOP_ANALYSIS = YES;
				CLANG_WARN_STRICT_PROTOTYPES = YES;
				CLANG_WARN_SUSPICIOUS_MOVE = YES;
				CLANG_WARN_UNGUARDED_AVAILABILITY = YES_AGGRESSIVE;
				CLANG_WARN_UNREACHABLE_CODE = YES;
				CLANG_WARN__DUPLICATE_METHOD_MATCH = YES;
				CODE_SIGN_IDENTITY = "iPhone Developer";
				COPY_PHASE_STRIP = NO;
				DEBUG_INFORMATION_FORMAT = dwarf;
				ENABLE_STRICT_OBJC_MSGSEND = YES;
				ENABLE_TESTABILITY = YES;
				GCC_C_LANGUAGE_STANDARD = gnu11;
				GCC_DYNAMIC_NO_PIC = NO;
				GCC_NO_COMMON_BLOCKS = YES;
				GCC_OPTIMIZATION_LEVEL = 0;
				GCC_PREPROCESSOR_DEFINITIONS = (
					"DEBUG=1",
					"$(inherited)",
				);
				GCC_WARN_64_TO_32_BIT_CONVERSION = YES;
				GCC_WARN_ABOUT_RETURN_TYPE = YES_ERROR;
				GCC_WARN_UNDECLARED_SELECTOR = YES;
				GCC_WARN_UNINITIALIZED_AUTOS = YES_AGGRESSIVE;
				GCC_WARN_UNUSED_FUNCTION = YES;
				GCC_WARN_UNUSED_VARIABLE = YES;
				IPHONEOS_DEPLOYMENT_TARGET = 11.1;
				MTL_ENABLE_DEBUG_INFO = YES;
				ONLY_ACTIVE_ARCH = YES;
				SDKROOT = iphoneos;
				SWIFT_ACTIVE_COMPILATION_CONDITIONS = DEBUG;
				SWIFT_OPTIMIZATION_LEVEL = "-Onone";
			};
			name = Debug;
		};
		1E942EF32025604E0048DF5B /* Release */ = {
			isa = XCBuildConfiguration;
			buildSettings = {
				ALWAYS_SEARCH_USER_PATHS = NO;
				CLANG_ANALYZER_NONNULL = YES;
				CLANG_ANALYZER_NUMBER_OBJECT_CONVERSION = YES_AGGRESSIVE;
				CLANG_CXX_LANGUAGE_STANDARD = "gnu++14";
				CLANG_CXX_LIBRARY = "libc++";
				CLANG_ENABLE_MODULES = YES;
				CLANG_ENABLE_OBJC_ARC = YES;
				CLANG_WARN_BLOCK_CAPTURE_AUTORELEASING = YES;
				CLANG_WARN_BOOL_CONVERSION = YES;
				CLANG_WARN_COMMA = YES;
				CLANG_WARN_CONSTANT_CONVERSION = YES;
				CLANG_WARN_DIRECT_OBJC_ISA_USAGE = YES_ERROR;
				CLANG_WARN_DOCUMENTATION_COMMENTS = YES;
				CLANG_WARN_EMPTY_BODY = YES;
				CLANG_WARN_ENUM_CONVERSION = YES;
				CLANG_WARN_INFINITE_RECURSION = YES;
				CLANG_WARN_INT_CONVERSION = YES;
				CLANG_WARN_NON_LITERAL_NULL_CONVERSION = YES;
				CLANG_WARN_OBJC_LITERAL_CONVERSION = YES;
				CLANG_WARN_OBJC_ROOT_CLASS = YES_ERROR;
				CLANG_WARN_RANGE_LOOP_ANALYSIS = YES;
				CLANG_WARN_STRICT_PROTOTYPES = YES;
				CLANG_WARN_SUSPICIOUS_MOVE = YES;
				CLANG_WARN_UNGUARDED_AVAILABILITY = YES_AGGRESSIVE;
				CLANG_WARN_UNREACHABLE_CODE = YES;
				CLANG_WARN__DUPLICATE_METHOD_MATCH = YES;
				CODE_SIGN_IDENTITY = "iPhone Developer";
				COPY_PHASE_STRIP = NO;
				DEBUG_INFORMATION_FORMAT = "dwarf-with-dsym";
				ENABLE_NS_ASSERTIONS = NO;
				ENABLE_STRICT_OBJC_MSGSEND = YES;
				GCC_C_LANGUAGE_STANDARD = gnu11;
				GCC_NO_COMMON_BLOCKS = YES;
				GCC_WARN_64_TO_32_BIT_CONVERSION = YES;
				GCC_WARN_ABOUT_RETURN_TYPE = YES_ERROR;
				GCC_WARN_UNDECLARED_SELECTOR = YES;
				GCC_WARN_UNINITIALIZED_AUTOS = YES_AGGRESSIVE;
				GCC_WARN_UNUSED_FUNCTION = YES;
				GCC_WARN_UNUSED_VARIABLE = YES;
				IPHONEOS_DEPLOYMENT_TARGET = 11.1;
				MTL_ENABLE_DEBUG_INFO = NO;
				SDKROOT = iphoneos;
				SWIFT_OPTIMIZATION_LEVEL = "-Owholemodule";
				VALIDATE_PRODUCT = YES;
			};
			name = Release;
		};
		1E942EF52025604E0048DF5B /* Debug */ = {
			isa = XCBuildConfiguration;
			baseConfigurationReference = CC7C58C962BB4DE26FAB5543 /* Pods-SN.debug.xcconfig */;
			buildSettings = {
				ASSETCATALOG_COMPILER_APPICON_NAME = AppIcon;
				CODE_SIGN_STYLE = Automatic;
				INFOPLIST_FILE = SN/Info.plist;
				LD_RUNPATH_SEARCH_PATHS = "$(inherited) @executable_path/Frameworks";
				PRODUCT_BUNDLE_IDENTIFIER = mohamdhamoly.test.SN;
				PRODUCT_NAME = "$(TARGET_NAME)";
				SWIFT_VERSION = 4.0;
				TARGETED_DEVICE_FAMILY = "1,2";
			};
			name = Debug;
		};
		1E942EF62025604E0048DF5B /* Release */ = {
			isa = XCBuildConfiguration;
			baseConfigurationReference = 279E87A9F4A0B9B96F94A5BF /* Pods-SN.release.xcconfig */;
			buildSettings = {
				ASSETCATALOG_COMPILER_APPICON_NAME = AppIcon;
				CODE_SIGN_STYLE = Automatic;
				INFOPLIST_FILE = SN/Info.plist;
				LD_RUNPATH_SEARCH_PATHS = "$(inherited) @executable_path/Frameworks";
				PRODUCT_BUNDLE_IDENTIFIER = mohamdhamoly.test.SN;
				PRODUCT_NAME = "$(TARGET_NAME)";
				SWIFT_VERSION = 4.0;
				TARGETED_DEVICE_FAMILY = "1,2";
			};
			name = Release;
		};
/* End XCBuildConfiguration section */

/* Begin XCConfigurationList section */
		1E942EDD2025604E0048DF5B /* Build configuration list for PBXProject "SN" */ = {
			isa = XCConfigurationList;
			buildConfigurations = (
				1E942EF22025604E0048DF5B /* Debug */,
				1E942EF32025604E0048DF5B /* Release */,
			);
			defaultConfigurationIsVisible = 0;
			defaultConfigurationName = Release;
		};
		1E942EF42025604E0048DF5B /* Build configuration list for PBXNativeTarget "SN" */ = {
			isa = XCConfigurationList;
			buildConfigurations = (
				1E942EF52025604E0048DF5B /* Debug */,
				1E942EF62025604E0048DF5B /* Release */,
			);
			defaultConfigurationIsVisible = 0;
			defaultConfigurationName = Release;
		};
/* End XCConfigurationList section */
	};
	rootObject = 1E942EDA2025604E0048DF5B /* Project object */;
}
